
Microsoft Visual Studio Solution File, Format Version 12.00
# Visual Studio Version 17
VisualStudioVersion = 17.10.35027.167
MinimumVisualStudioVersion = 10.0.40219.1
Project("{9A19103F-16F7-4668-BE54-9A1E7A4F7556}") = "MobilnoQatarBack", "FPISprojekatQatar\MobilnoQatarBack.csproj", "{6DA54322-D464-4330-8BD8-0D13EBB250DB}"
EndProject
Project("{2150E333-8FDC-42A3-9474-1A3956D46DE8}") = "Domain", "Domain", "{CB8AE673-F619-4584-AB76-ADBBA3F3C129}"
EndProject
Project("{9A19103F-16F7-4668-BE54-9A1E7A4F7556}") = "Domain.Model", "Domain.Model\Domain.Model.csproj", "{3620C59D-AD1F-4DBB-967D-99899D738109}"
EndProject
Global
	GlobalSection(SolutionConfigurationPlatforms) = preSolution
		Debug|Any CPU = Debug|Any CPU
		Release|Any CPU = Release|Any CPU
	EndGlobalSection
	GlobalSection(ProjectConfigurationPlatforms) = postSolution
		{6DA54322-D464-4330-8BD8-0D13EBB250DB}.Debug|Any CPU.ActiveCfg = Debug|Any CPU
		{6DA54322-D464-4330-8BD8-0D13EBB250DB}.Debug|Any CPU.Build.0 = Debug|Any CPU
		{6DA54322-D464-4330-8BD8-0D13EBB250DB}.Release|Any CPU.ActiveCfg = Release|Any CPU
		{6DA54322-D464-4330-8BD8-0D13EBB250DB}.Release|Any CPU.Build.0 = Release|Any CPU
		{3620C59D-AD1F-4DBB-967D-99899D738109}.Debug|Any CPU.ActiveCfg = Debug|Any CPU
		{3620C59D-AD1F-4DBB-967D-99899D738109}.Debug|Any CPU.Build.0 = Debug|Any CPU
		{3620C59D-AD1F-4DBB-967D-99899D738109}.Release|Any CPU.ActiveCfg = Release|Any CPU
		{3620C59D-AD1F-4DBB-967D-99899D738109}.Release|Any CPU.Build.0 = Release|Any CPU
	EndGlobalSection
	GlobalSection(SolutionProperties) = preSolution
		HideSolutionNode = FALSE
	EndGlobalSection
	GlobalSection(NestedProjects) = preSolution
		{3620C59D-AD1F-4DBB-967D-99899D738109} = {CB8AE673-F619-4584-AB76-ADBBA3F3C129}
	EndGlobalSection
	GlobalSection(ExtensibilityGlobals) = postSolution
		SolutionGuid = {9D31864F-EE8D-45B5-877F-C90244C7DCC7}
	EndGlobalSection
EndGlobal
